# THIS IS AN AUTOGENERATED FILE. DO NOT EDIT THIS FILE DIRECTLY.
# yarn lockfile v1


asap@~2.0.3:
  version "2.0.6"
  resolved "https://registry.yarnpkg.com/asap/-/asap-2.0.6.tgz#e50347611d7e690943208bbdafebcbc2fb866d46"

async@2.6.0:
  version "2.6.0"
  resolved "https://registry.yarnpkg.com/async/-/async-2.6.0.tgz#61a29abb6fcc026fea77e56d1c6ec53a795951f4"
  dependencies:
    lodash "^4.14.0"

balanced-match@^1.0.0:
  version "1.0.0"
  resolved "https://registry.yarnpkg.com/balanced-match/-/balanced-match-1.0.0.tgz#89b4d199ab2bee49de164ea02b89ce462d71b767"

brace-expansion@^1.1.7:
  version "1.1.11"
  resolved "https://registry.yarnpkg.com/brace-expansion/-/brace-expansion-1.1.11.tgz#3c7fcbf529d87226f3d2f52b966ff5271eb441dd"
  dependencies:
    balanced-match "^1.0.0"
    concat-map "0.0.1"

bs-platform@3.0.0:
  version "3.0.0"
  resolved "https://registry.yarnpkg.com/bs-platform/-/bs-platform-3.0.0.tgz#38f200730db52fdea37819376b6ac3dfb20244c0"

bs-react-native@^0.7.0:
  version "0.7.0"
  resolved "https://registry.yarnpkg.com/bs-react-native/-/bs-react-native-0.7.0.tgz#1105177816273e575f5b84c00827b772fd86b056"

colors@>=0.6.0:
  version "1.3.0"
  resolved "https://registry.yarnpkg.com/colors/-/colors-1.3.0.tgz#5f20c9fef6945cb1134260aab33bfbdc8295e04e"

concat-map@0.0.1:
  version "0.0.1"
  resolved "https://registry.yarnpkg.com/concat-map/-/concat-map-0.0.1.tgz#d8a96bd77fd68df7793a73036a3ba0d5405d477b"

core-js@^1.0.0:
  version "1.2.7"
  resolved "https://registry.yarnpkg.com/core-js/-/core-js-1.2.7.tgz#652294c14651db28fa93bd2d5ff2983a4f08c636"

deepmerge@2.1.0:
  version "2.1.0"
  resolved "https://registry.yarnpkg.com/deepmerge/-/deepmerge-2.1.0.tgz#511a54fff405fc346f0240bb270a3e9533a31102"

encoding@^0.1.11:
  version "0.1.12"
  resolved "https://registry.yarnpkg.com/encoding/-/encoding-0.1.12.tgz#538b66f3ee62cd1ab51ec323829d1f9480c74beb"
  dependencies:
    iconv-lite "~0.4.13"

fbjs@^0.8.16:
  version "0.8.16"
  resolved "https://registry.yarnpkg.com/fbjs/-/fbjs-0.8.16.tgz#5e67432f550dc41b572bf55847b8aca64e5337db"
  dependencies:
    core-js "^1.0.0"
    isomorphic-fetch "^2.1.1"
    loose-envify "^1.0.0"
    object-assign "^4.1.0"
    promise "^7.1.1"
    setimmediate "^1.0.5"
    ua-parser-js "^0.7.9"

fs.realpath@^1.0.0:
  version "1.0.0"
  resolved "https://registry.yarnpkg.com/fs.realpath/-/fs.realpath-1.0.0.tgz#1504ad2523158caa40db4a2787cb01411994ea4f"

glob@7.1.2:
  version "7.1.2"
  resolved "https://registry.yarnpkg.com/glob/-/glob-7.1.2.tgz#c19c9df9a028702d678612384a6552404c636d15"
  dependencies:
    fs.realpath "^1.0.0"
    inflight "^1.0.4"
    inherits "2"
    minimatch "^3.0.4"
    once "^1.3.0"
    path-is-absolute "^1.0.0"

iconv-lite@~0.4.13:
  version "0.4.23"
  resolved "https://registry.yarnpkg.com/iconv-lite/-/iconv-lite-0.4.23.tgz#297871f63be507adcfbfca715d0cd0eed84e9a63"
  dependencies:
    safer-buffer ">= 2.1.2 < 3"

inflight@^1.0.4:
  version "1.0.6"
  resolved "https://registry.yarnpkg.com/inflight/-/inflight-1.0.6.tgz#49bd6331d7d02d0c09bc910a1075ba8165b56df9"
  dependencies:
    once "^1.3.0"
    wrappy "1"

inherits@2:
  version "2.0.3"
  resolved "https://registry.yarnpkg.com/inherits/-/inherits-2.0.3.tgz#633c2c83e3da42a502f52466022480f4208261de"

is-stream@^1.0.1:
  version "1.1.0"
  resolved "https://registry.yarnpkg.com/is-stream/-/is-stream-1.1.0.tgz#12d4a3dd4e68e0b79ceb8dbc84173ae80d91ca44"

isomorphic-fetch@^2.1.1:
  version "2.2.1"
  resolved "https://registry.yarnpkg.com/isomorphic-fetch/-/isomorphic-fetch-2.2.1.tgz#611ae1acf14f5e81f729507472819fe9733558a9"
  dependencies:
    node-fetch "^1.0.1"
    whatwg-fetch ">=0.10.0"

js-tokens@^3.0.0:
  version "3.0.2"
  resolved "https://registry.yarnpkg.com/js-tokens/-/js-tokens-3.0.2.tgz#9866df395102130e38f7f996bceb65443209c25b"

lodash@4.17.5:
  version "4.17.5"
  resolved "https://registry.yarnpkg.com/lodash/-/lodash-4.17.5.tgz#99a92d65c0272debe8c96b6057bc8fbfa3bed511"

lodash@^4.14.0:
  version "4.17.10"
  resolved "https://registry.yarnpkg.com/lodash/-/lodash-4.17.10.tgz#1b7793cf7259ea38fb3661d4d38b3260af8ae4e7"

lokijs@1.5.3:
  version "1.5.3"
  resolved "https://registry.yarnpkg.com/lokijs/-/lokijs-1.5.3.tgz#6952722ffa3049a55a5e1c10ee4a0947a3e5e19b"

loose-envify@^1.0.0, loose-envify@^1.1.0, loose-envify@^1.3.1:
  version "1.3.1"
  resolved "https://registry.yarnpkg.com/loose-envify/-/loose-envify-1.3.1.tgz#d1a8ad33fa9ce0e713d65fdd0ac8b748d478c848"
  dependencies:
    js-tokens "^3.0.0"

mime@^1.2.9:
  version "1.6.0"
  resolved "https://registry.yarnpkg.com/mime/-/mime-1.6.0.tgz#32cd9e5c64553bd58d19a568af452acff04981b1"

minimatch@^3.0.4:
  version "3.0.4"
  resolved "https://registry.yarnpkg.com/minimatch/-/minimatch-3.0.4.tgz#5166e286457f03306064be5497e8dbb0c3d32083"
  dependencies:
    brace-expansion "^1.1.7"

minimist@~0.0.1:
  version "0.0.10"
  resolved "https://registry.yarnpkg.com/minimist/-/minimist-0.0.10.tgz#de3f98543dbf96082be48ad1a0c7cda836301dcf"

node-fetch@^1.0.1:
  version "1.7.3"
  resolved "https://registry.yarnpkg.com/node-fetch/-/node-fetch-1.7.3.tgz#980f6f72d85211a5347c6b2bc18c5b84c3eb47ef"
  dependencies:
    encoding "^0.1.11"
    is-stream "^1.0.1"

node-static@^0.7.10:
  version "0.7.10"
  resolved "https://registry.yarnpkg.com/node-static/-/node-static-0.7.10.tgz#a1ddb72027c7f67179fb33487807b57e8bc7d2e7"
  dependencies:
    colors ">=0.6.0"
    mime "^1.2.9"
    optimist ">=0.3.4"

object-assign@^4.1.0, object-assign@^4.1.1:
  version "4.1.1"
  resolved "https://registry.yarnpkg.com/object-assign/-/object-assign-4.1.1.tgz#2109adc7965887cfc05cbbd442cac8bfbb360863"

ocaml-language-server@^1.0.34:
  version "1.0.34"
  resolved "https://registry.yarnpkg.com/ocaml-language-server/-/ocaml-language-server-1.0.34.tgz#8512b26c30a0c8684e1613ed0a4ae063418b382a"
  dependencies:
    async "2.6.0"
    deepmerge "2.1.0"
    glob "7.1.2"
    lodash "4.17.5"
    lokijs "1.5.3"
    pegjs "0.10.0"
    vscode-jsonrpc "3.6.0"
    vscode-languageclient "4.0.1"
    vscode-languageserver "4.0.0"
    vscode-languageserver-protocol "3.6.0"
    vscode-uri "1.0.3"

once@^1.3.0:
  version "1.4.0"
  resolved "https://registry.yarnpkg.com/once/-/once-1.4.0.tgz#583b1aa775961d4b113ac17d9c50baef9dd76bd1"
  dependencies:
    wrappy "1"

optimist@>=0.3.4:
  version "0.6.1"
  resolved "https://registry.yarnpkg.com/optimist/-/optimist-0.6.1.tgz#da3ea74686fa21a19a111c326e90eb15a0196686"
  dependencies:
    minimist "~0.0.1"
    wordwrap "~0.0.2"

path-is-absolute@^1.0.0:
  version "1.0.1"
  resolved "https://registry.yarnpkg.com/path-is-absolute/-/path-is-absolute-1.0.1.tgz#174b9268735534ffbc7ace6bf53a5a9e1b5c5f5f"

pegjs@0.10.0:
  version "0.10.0"
  resolved "https://registry.yarnpkg.com/pegjs/-/pegjs-0.10.0.tgz#cf8bafae6eddff4b5a7efb185269eaaf4610ddbd"

promise@^7.1.1:
  version "7.3.1"
  resolved "https://registry.yarnpkg.com/promise/-/promise-7.3.1.tgz#064b72602b18f90f29192b8b1bc418ffd1ebd3bf"
  dependencies:
    asap "~2.0.3"

prop-types@^15.6.0:
  version "15.6.1"
  resolved "https://registry.yarnpkg.com/prop-types/-/prop-types-15.6.1.tgz#36644453564255ddda391191fb3a125cbdf654ca"
  dependencies:
    fbjs "^0.8.16"
    loose-envify "^1.3.1"
    object-assign "^4.1.1"

"react-dom@>=15.0.0 || >=16.0.0", react-dom@^16.3.2:
  version "16.3.2"
  resolved "https://registry.yarnpkg.com/react-dom/-/react-dom-16.3.2.tgz#cb90f107e09536d683d84ed5d4888e9640e0e4df"
  dependencies:
    fbjs "^0.8.16"
    loose-envify "^1.1.0"
    object-assign "^4.1.1"
    prop-types "^15.6.0"

"react@>=15.0.0 || >=16.0.0", react@^16.3.2:
  version "16.3.2"
  resolved "https://registry.yarnpkg.com/react/-/react-16.3.2.tgz#fdc8420398533a1e58872f59091b272ce2f91ea9"
  dependencies:
    fbjs "^0.8.16"
    loose-envify "^1.1.0"
    object-assign "^4.1.1"
    prop-types "^15.6.0"

reason-cli@^3.1.0-darwin:
  version "3.1.0-darwin"
  resolved "https://registry.yarnpkg.com/reason-cli/-/reason-cli-3.1.0-darwin.tgz#88c32e6599f40a9fa94db29f9f182a37bff657d4"

reason-react@^0.4.1:
  version "0.4.1"
  resolved "https://registry.yarnpkg.com/reason-react/-/reason-react-0.4.1.tgz#f1c8bf0d116be6bf43109912ee4d95e58dd7c64f"
  dependencies:
    react ">=15.0.0 || >=16.0.0"
    react-dom ">=15.0.0 || >=16.0.0"

"safer-buffer@>= 2.1.2 < 3":
  version "2.1.2"
  resolved "https://registry.yarnpkg.com/safer-buffer/-/safer-buffer-2.1.2.tgz#44fa161b0187b9549dd84bb91802f9bd8385cd6a"

setimmediate@^1.0.5:
  version "1.0.5"
  resolved "https://registry.yarnpkg.com/setimmediate/-/setimmediate-1.0.5.tgz#290cbb232e306942d7d7ea9b83732ab7856f8285"

ua-parser-js@^0.7.9:
  version "0.7.18"
  resolved "https://registry.yarnpkg.com/ua-parser-js/-/ua-parser-js-0.7.18.tgz#a7bfd92f56edfb117083b69e31d2aa8882d4b1ed"

vscode-jsonrpc@3.6.0:
  version "3.6.0"
  resolved "https://registry.yarnpkg.com/vscode-jsonrpc/-/vscode-jsonrpc-3.6.0.tgz#848d56995d5168950d84feb5d9c237ae5c6a02d4"

vscode-jsonrpc@^3.6.0, vscode-jsonrpc@^3.6.2:
  version "3.6.2"
  resolved "https://registry.yarnpkg.com/vscode-jsonrpc/-/vscode-jsonrpc-3.6.2.tgz#3b5eef691159a15556ecc500e9a8a0dd143470c8"

vscode-languageclient@4.0.1:
  version "4.0.1"
  resolved "https://registry.yarnpkg.com/vscode-languageclient/-/vscode-languageclient-4.0.1.tgz#70a3d98afa62b12bf932a5c987c8a73cee195017"
  dependencies:
    vscode-languageserver-protocol "^3.6.0"

vscode-languageserver-protocol@3.6.0:
  version "3.6.0"
  resolved "https://registry.yarnpkg.com/vscode-languageserver-protocol/-/vscode-languageserver-protocol-3.6.0.tgz#579642cdcccf74b0cd771c33daa3239acb40d040"
  dependencies:
    vscode-jsonrpc "^3.6.0"
    vscode-languageserver-types "^3.6.0"

vscode-languageserver-protocol@^3.6.0:
  version "3.7.2"
  resolved "https://registry.yarnpkg.com/vscode-languageserver-protocol/-/vscode-languageserver-protocol-3.7.2.tgz#df58621c032139010888b6a9ddc969423f9ba9d6"
  dependencies:
    vscode-jsonrpc "^3.6.2"
    vscode-languageserver-types "^3.7.2"

vscode-languageserver-types@^3.6.0, vscode-languageserver-types@^3.7.2:
  version "3.7.2"
  resolved "https://registry.yarnpkg.com/vscode-languageserver-types/-/vscode-languageserver-types-3.7.2.tgz#aad8846f8e3e27962648554de5a8417e358f34eb"

vscode-languageserver@4.0.0:
  version "4.0.0"
  resolved "https://registry.yarnpkg.com/vscode-languageserver/-/vscode-languageserver-4.0.0.tgz#8b792f0d6d10acfe363d02371ed4ce53d08af88a"
  dependencies:
    vscode-languageserver-protocol "^3.6.0"
    vscode-uri "^1.0.1"

vscode-uri@1.0.3, vscode-uri@^1.0.1:
  version "1.0.3"
  resolved "https://registry.yarnpkg.com/vscode-uri/-/vscode-uri-1.0.3.tgz#631bdbf716dccab0e65291a8dc25c23232085a52"

whatwg-fetch@>=0.10.0:
  version "2.0.4"
  resolved "https://registry.yarnpkg.com/whatwg-fetch/-/whatwg-fetch-2.0.4.tgz#dde6a5df315f9d39991aa17621853d720b85566f"

wordwrap@~0.0.2:
  version "0.0.3"
  resolved "https://registry.yarnpkg.com/wordwrap/-/wordwrap-0.0.3.tgz#a3d5da6cd5c0bc0008d37234bbaf1bed63059107"

wrappy@1:
  version "1.0.2"
  resolved "https://registry.yarnpkg.com/wrappy/-/wrappy-1.0.2.tgz#b5243d8f3ec1aa35f1364605bc0d1036e30ab69f"
